github.com/smartystreets/assertions v1.13.1 h1:Ef7KhSmjZcK6AVf9YbJdvPYG9avaF0ZxudX+ThRdWfU=
github.com/smartystreets/assertions v1.13.1/go.mod h1:cXr/IwVfSo/RbCSPhoAPv73p3hlSdrBH/b3SdnW/LMY=
github.com/smartystreets/gunit v1.4.5 h1:U4I9QifiA3Ek0NBjSjkJedTK2OalNjke0+LSpndIHfg=
github.com/smartystreets/gunit v1.4.5/go.mod h1:GUmm+LpxuO7chlxuO+Y4FvuNBR3uMfwgHhZyCt/8brA=
